{
  "name": "modules",
  "version": "1.0.0",
  "lockfileVersion": 1,
  "requires": true,
  "dependencies": {
    "colormap": {
      "version": "2.3.1",
      "resolved": "https://registry.npmjs.org/colormap/-/colormap-2.3.1.tgz",
      "integrity": "sha512-TEzNlo/qYp6pBoR2SK9JiV+DG1cmUcVO/+DEJqVPSHIKNlWh5L5L4FYog7b/h0bAnhKhpOAvx/c1dFp2QE9sFw==",
      "requires": {}
    },
    "lerp": {
      "version": "1.0.3",
      "resolved": "https://registry.npmjs.org/lerp/-/lerp-1.0.3.tgz",
      "integrity": "sha1-oYyJaPkXiW3hXM/MKNVaa3Med24="
    }
  }
}
